{
  "name": "qing-markdown-loader",
  "version": "1.0.13",
  "lockfileVersion": 1,
  "requires": true,
  "dependencies": {
    "highlight.js": {
      "version": "10.1.1",
      "resolved": "https://registry.npmjs.org/highlight.js/-/highlight.js-10.1.1.tgz",
      "integrity": "sha512-b4L09127uVa+9vkMgPpdUQP78ickGbHEQTWeBrQFTJZ4/n2aihWOGS0ZoUqAwjVmfjhq/C76HRzkqwZhK4sBbg=="
    },
    "marked": {
      "version": "1.1.0",
      "resolved": "https://registry.npmjs.org/marked/-/marked-1.1.0.tgz",
      "integrity": "sha512-EkE7RW6KcXfMHy2PA7Jg0YJE1l8UPEZE8k45tylzmZM30/r1M1MUXWQfJlrSbsTeh7m/XTwHbWUENvAJZpp1YA=="
    },
    "qing-markdown-reader": {
      "version": "1.0.1",
      "resolved": "https://registry.npmjs.org/qing-markdown-reader/-/qing-markdown-reader-1.0.1.tgz",
      "integrity": "sha512-Go05uteKOEq5Ldo+JQMTft/8XgO8wT//1ptHjGBdvvh78rUf6sEML+9t4mOjD9GhfZRHmU3JnZrDlImKb4srlA==",
      "requires": {
        "highlight.js": "^10.1.0",
        "marked": "^1.1.0",
        "qing-utils": "^1.0.7"
      }
    },
    "qing-utils": {
      "version": "1.0.7",
      "resolved": "https://registry.npmjs.org/qing-utils/-/qing-utils-1.0.7.tgz",
      "integrity": "sha512-ihpsv5tUL/W+EfriNHgT8pn0W/I/FiAihJYIz4x70SLSNSTqqJF1SjmfE8gGmM+DHJ2YuUhIs8qq0ZnPaTiz1w=="
    }
  }
}
